
Microsoft Visual Studio Solution File, Format Version 12.00
# Visual Studio Version 16
VisualStudioVersion = 16.0.31205.134
MinimumVisualStudioVersion = 10.0.40219.1
Project("{2150E333-8FDC-42A3-9474-1A3956D46DE8}") = "Transaction", "Transaction", "{D9109E9E-EF4D-41CA-A21A-567325146AB5}"
EndProject
Project("{FAE04EC0-301F-11D3-BF4B-00C04F79EFBC}") = "WCF.Host.Transaction", "WCF.Host.Transaction\WCF.Host.Transaction.csproj", "{9BA68538-807D-4F85-8A5A-6182F14D0A2A}"
EndProject
Project("{FAE04EC0-301F-11D3-BF4B-00C04F79EFBC}") = "WCF.Client.Transaction", "WCF.Client.Transaction\WCF.Client.Transaction.csproj", "{98EADCC0-EE26-4DEA-8D40-85281E49E841}"
	ProjectSection(ProjectDependencies) = postProject
		{C4480527-1F68-4F0A-A7B1-79B1C6E5DC5F} = {C4480527-1F68-4F0A-A7B1-79B1C6E5DC5F}
		{9B3FE1B3-78DD-4406-800B-4416E734A448} = {9B3FE1B3-78DD-4406-800B-4416E734A448}
	EndProjectSection
EndProject
Project("{FAE04EC0-301F-11D3-BF4B-00C04F79EFBC}") = "WCF.Model", "WCF.Model\WCF.Model.csproj", "{2210C4F2-2942-48D6-BF96-AF7A15D07BF3}"
EndProject
Project("{FAE04EC0-301F-11D3-BF4B-00C04F79EFBC}") = "WCF.DAL", "WCF.DAL\WCF.DAL.csproj", "{E767A812-AA62-4870-A7AB-AD6B6467F88A}"
EndProject
Project("{2150E333-8FDC-42A3-9474-1A3956D46DE8}") = "Concurrency", "Concurrency", "{362E1C2D-917E-48EE-830A-2B33F9CEBF9E}"
EndProject
Project("{FAE04EC0-301F-11D3-BF4B-00C04F79EFBC}") = "WCF.Service.Concurrency", "WCF.Service.Concurrency\WCF.Service.Concurrency.csproj", "{7C136784-ED87-4BDE-A5DB-AE91D5DBEB7A}"
EndProject
Project("{FAE04EC0-301F-11D3-BF4B-00C04F79EFBC}") = "WCF.Host.Concurrency", "WCF.Host.Concurrency\WCF.Host.Concurrency.csproj", "{862DC25C-376C-4502-ADD2-D3E3433B066F}"
EndProject
Project("{FAE04EC0-301F-11D3-BF4B-00C04F79EFBC}") = "WCF.Client.ConcurrentRequest", "WCF.Client.ConcurrentRequest\WCF.Client.ConcurrentRequest.csproj", "{6293A525-90A5-40BA-95A4-504B81FA1BD3}"
	ProjectSection(ProjectDependencies) = postProject
		{7C136784-ED87-4BDE-A5DB-AE91D5DBEB7A} = {7C136784-ED87-4BDE-A5DB-AE91D5DBEB7A}
	EndProjectSection
EndProject
Project("{FAE04EC0-301F-11D3-BF4B-00C04F79EFBC}") = "WCF.Service.Loan", "WCF.Service.Loan\WCF.Service.Loan.csproj", "{9B3FE1B3-78DD-4406-800B-4416E734A448}"
EndProject
Project("{FAE04EC0-301F-11D3-BF4B-00C04F79EFBC}") = "WCF.Service.Account", "WCF.Service.Account\WCF.Service.Account.csproj", "{C4480527-1F68-4F0A-A7B1-79B1C6E5DC5F}"
EndProject
Global
	GlobalSection(SolutionConfigurationPlatforms) = preSolution
		Debug|Any CPU = Debug|Any CPU
		Release|Any CPU = Release|Any CPU
	EndGlobalSection
	GlobalSection(ProjectConfigurationPlatforms) = postSolution
		{9BA68538-807D-4F85-8A5A-6182F14D0A2A}.Debug|Any CPU.ActiveCfg = Debug|Any CPU
		{9BA68538-807D-4F85-8A5A-6182F14D0A2A}.Debug|Any CPU.Build.0 = Debug|Any CPU
		{9BA68538-807D-4F85-8A5A-6182F14D0A2A}.Release|Any CPU.ActiveCfg = Release|Any CPU
		{9BA68538-807D-4F85-8A5A-6182F14D0A2A}.Release|Any CPU.Build.0 = Release|Any CPU
		{98EADCC0-EE26-4DEA-8D40-85281E49E841}.Debug|Any CPU.ActiveCfg = Debug|Any CPU
		{98EADCC0-EE26-4DEA-8D40-85281E49E841}.Debug|Any CPU.Build.0 = Debug|Any CPU
		{98EADCC0-EE26-4DEA-8D40-85281E49E841}.Release|Any CPU.ActiveCfg = Release|Any CPU
		{98EADCC0-EE26-4DEA-8D40-85281E49E841}.Release|Any CPU.Build.0 = Release|Any CPU
		{2210C4F2-2942-48D6-BF96-AF7A15D07BF3}.Debug|Any CPU.ActiveCfg = Debug|Any CPU
		{2210C4F2-2942-48D6-BF96-AF7A15D07BF3}.Debug|Any CPU.Build.0 = Debug|Any CPU
		{2210C4F2-2942-48D6-BF96-AF7A15D07BF3}.Release|Any CPU.ActiveCfg = Release|Any CPU
		{2210C4F2-2942-48D6-BF96-AF7A15D07BF3}.Release|Any CPU.Build.0 = Release|Any CPU
		{E767A812-AA62-4870-A7AB-AD6B6467F88A}.Debug|Any CPU.ActiveCfg = Debug|Any CPU
		{E767A812-AA62-4870-A7AB-AD6B6467F88A}.Debug|Any CPU.Build.0 = Debug|Any CPU
		{E767A812-AA62-4870-A7AB-AD6B6467F88A}.Release|Any CPU.ActiveCfg = Release|Any CPU
		{E767A812-AA62-4870-A7AB-AD6B6467F88A}.Release|Any CPU.Build.0 = Release|Any CPU
		{7C136784-ED87-4BDE-A5DB-AE91D5DBEB7A}.Debug|Any CPU.ActiveCfg = Debug|Any CPU
		{7C136784-ED87-4BDE-A5DB-AE91D5DBEB7A}.Debug|Any CPU.Build.0 = Debug|Any CPU
		{7C136784-ED87-4BDE-A5DB-AE91D5DBEB7A}.Release|Any CPU.ActiveCfg = Release|Any CPU
		{7C136784-ED87-4BDE-A5DB-AE91D5DBEB7A}.Release|Any CPU.Build.0 = Release|Any CPU
		{862DC25C-376C-4502-ADD2-D3E3433B066F}.Debug|Any CPU.ActiveCfg = Debug|Any CPU
		{862DC25C-376C-4502-ADD2-D3E3433B066F}.Debug|Any CPU.Build.0 = Debug|Any CPU
		{862DC25C-376C-4502-ADD2-D3E3433B066F}.Release|Any CPU.ActiveCfg = Release|Any CPU
		{862DC25C-376C-4502-ADD2-D3E3433B066F}.Release|Any CPU.Build.0 = Release|Any CPU
		{6293A525-90A5-40BA-95A4-504B81FA1BD3}.Debug|Any CPU.ActiveCfg = Debug|Any CPU
		{6293A525-90A5-40BA-95A4-504B81FA1BD3}.Debug|Any CPU.Build.0 = Debug|Any CPU
		{6293A525-90A5-40BA-95A4-504B81FA1BD3}.Release|Any CPU.ActiveCfg = Release|Any CPU
		{6293A525-90A5-40BA-95A4-504B81FA1BD3}.Release|Any CPU.Build.0 = Release|Any CPU
		{9B3FE1B3-78DD-4406-800B-4416E734A448}.Debug|Any CPU.ActiveCfg = Debug|Any CPU
		{9B3FE1B3-78DD-4406-800B-4416E734A448}.Debug|Any CPU.Build.0 = Debug|Any CPU
		{9B3FE1B3-78DD-4406-800B-4416E734A448}.Release|Any CPU.ActiveCfg = Release|Any CPU
		{9B3FE1B3-78DD-4406-800B-4416E734A448}.Release|Any CPU.Build.0 = Release|Any CPU
		{C4480527-1F68-4F0A-A7B1-79B1C6E5DC5F}.Debug|Any CPU.ActiveCfg = Debug|Any CPU
		{C4480527-1F68-4F0A-A7B1-79B1C6E5DC5F}.Debug|Any CPU.Build.0 = Debug|Any CPU
		{C4480527-1F68-4F0A-A7B1-79B1C6E5DC5F}.Release|Any CPU.ActiveCfg = Release|Any CPU
		{C4480527-1F68-4F0A-A7B1-79B1C6E5DC5F}.Release|Any CPU.Build.0 = Release|Any CPU
	EndGlobalSection
	GlobalSection(SolutionProperties) = preSolution
		HideSolutionNode = FALSE
	EndGlobalSection
	GlobalSection(NestedProjects) = preSolution
		{9BA68538-807D-4F85-8A5A-6182F14D0A2A} = {D9109E9E-EF4D-41CA-A21A-567325146AB5}
		{98EADCC0-EE26-4DEA-8D40-85281E49E841} = {D9109E9E-EF4D-41CA-A21A-567325146AB5}
		{2210C4F2-2942-48D6-BF96-AF7A15D07BF3} = {D9109E9E-EF4D-41CA-A21A-567325146AB5}
		{E767A812-AA62-4870-A7AB-AD6B6467F88A} = {D9109E9E-EF4D-41CA-A21A-567325146AB5}
		{7C136784-ED87-4BDE-A5DB-AE91D5DBEB7A} = {362E1C2D-917E-48EE-830A-2B33F9CEBF9E}
		{862DC25C-376C-4502-ADD2-D3E3433B066F} = {362E1C2D-917E-48EE-830A-2B33F9CEBF9E}
		{6293A525-90A5-40BA-95A4-504B81FA1BD3} = {362E1C2D-917E-48EE-830A-2B33F9CEBF9E}
		{9B3FE1B3-78DD-4406-800B-4416E734A448} = {D9109E9E-EF4D-41CA-A21A-567325146AB5}
		{C4480527-1F68-4F0A-A7B1-79B1C6E5DC5F} = {D9109E9E-EF4D-41CA-A21A-567325146AB5}
	EndGlobalSection
	GlobalSection(ExtensibilityGlobals) = postSolution
		SolutionGuid = {9A81ABC6-FC13-41D6-BF71-841EF3A2E5CB}
	EndGlobalSection
EndGlobal
